{
  "name": "discord-resize-improvements",
  "version": "1.0.0",
  "lockfileVersion": 3,
  "requires": true,
  "packages": {
    "": {
      "name": "discord-resize-improvements",
      "version": "1.0.0",
      "license": "ISC",
      "dependencies": {
        "discord-modding-framework": "file:../.."
      },
      "devDependencies": {
        "typescript": "^5.2.2"
      }
    },
    "../..": {
      "name": "discord-modding-framework",
      "version": "1.0.0",
      "license": "ISC",
      "dependencies": {
        "@electron/asar": "^3.2.7",
        "dotenv": "^16.3.1",
        "download-git-repo": "^3.0.2",
        "mkdirp": "^3.0.1"
      },
      "devDependencies": {
        "@rollup/plugin-node-resolve": "^15.2.3",
        "@rollup/plugin-typescript": "^11.1.5",
        "@types/node": "^20.8.10",
        "electron": "^27.0.3",
        "nodemon": "^3.0.1",
        "rimraf": "^5.0.5",
        "rollup": "^4.3.0",
        "rollup-plugin-dts": "^6.1.0",
        "ts-node": "^10.9.1",
        "tslib": "^2.6.2",
        "typescript": "^5.2.2"
      }
    },
    "../../discord-modding-framework": {
      "version": "1.0.0",
      "extraneous": true,
      "license": "ISC",
      "dependencies": {
        "@electron/asar": "^3.2.7",
        "dotenv": "^16.3.1",
        "download-git-repo": "^3.0.2",
        "mkdirp": "^3.0.1"
      },
      "devDependencies": {
        "@rollup/plugin-node-resolve": "^15.2.3",
        "@rollup/plugin-typescript": "^11.1.5",
        "@types/node": "^20.8.10",
        "electron": "^27.0.3",
        "nodemon": "^3.0.1",
        "rimraf": "^5.0.5",
        "rollup": "^4.3.0",
        "rollup-plugin-dts": "^6.1.0",
        "ts-node": "^10.9.1",
        "tslib": "^2.6.2",
        "typescript": "^5.2.2"
      }
    },
    "node_modules/discord-modding-framework": {
      "resolved": "../..",
      "link": true
    },
    "node_modules/typescript": {
      "version": "5.2.2",
      "resolved": "https://registry.npmjs.org/typescript/-/typescript-5.2.2.tgz",
      "integrity": "sha512-mI4WrpHsbCIcwT9cF4FZvr80QUeKvsUsUvKDoR+X/7XHQH98xYD8YHZg7ANtz2GtZt/CBq2QJ0thkGJMHfqc1w==",
      "dev": true,
      "bin": {
        "tsc": "bin/tsc",
        "tsserver": "bin/tsserver"
      },
      "engines": {
        "node": ">=14.17"
      }
    }
  }
}
